<?xml version="1.0" encoding="utf-8"?>
<Project ToolsVersion="4.0" xmlns="http://schemas.microsoft.com/developer/msbuild/2003">
  <ItemGroup>
    <ClCompile Include="main.cpp" />
    <ClCompile Include="..\public\filesystem_init.cpp" />
  </ItemGroup>
  <ItemGroup>
    <Library Include="..\lib\public\vstdlib.lib">
      <Filter>Libraries</Filter>
    </Library>
    <Library Include="..\lib\public\tier1.lib">
      <Filter>Libraries</Filter>
    </Library>
    <Library Include="..\lib\public\tier0.lib">
      <Filter>Libraries</Filter>
    </Library>
    <Library Include="..\lib\public\appframework.lib">
      <Filter>Libraries</Filter>
    </Library>
    <Library Include="..\lib\public\steam_api.lib">
      <Filter>Libraries</Filter>
    </Library>
  </ItemGroup>
  <ItemGroup>
    <ResourceCompile Include="hammer_launcher.rc" />
  </ItemGroup>
  <ItemGroup>
    <Filter Include="Libraries">
      <UniqueIdentifier>{7c71ed3c-346a-4bc8-813e-813ae4525fcd}</UniqueIdentifier>
    </Filter>
  </ItemGroup>
  <ItemGroup>
    <ClInclude Include="..\public\filesystem_init.h" />
  </ItemGroup>
</Project>